
Microsoft Visual Studio Solution File, Format Version 12.00
# Visual Studio Version 16
VisualStudioVersion = 16.0.31402.337
MinimumVisualStudioVersion = 10.0.40219.1
Project("{FAE04EC0-301F-11D3-BF4B-00C04F79EFBC}") = "CalculadoraGeometrica", "CalculadoraGeometrica\CalculadoraGeometrica.csproj", "{334BB753-BBC9-4798-94D4-72148A3062EC}"
EndProject
Global
	GlobalSection(SolutionConfigurationPlatforms) = preSolution
		Debug|Any CPU = Debug|Any CPU
		Release|Any CPU = Release|Any CPU
	EndGlobalSection
	GlobalSection(ProjectConfigurationPlatforms) = postSolution
		{334BB753-BBC9-4798-94D4-72148A3062EC}.Debug|Any CPU.ActiveCfg = Debug|Any CPU
		{334BB753-BBC9-4798-94D4-72148A3062EC}.Debug|Any CPU.Build.0 = Debug|Any CPU
		{334BB753-BBC9-4798-94D4-72148A3062EC}.Release|Any CPU.ActiveCfg = Release|Any CPU
		{334BB753-BBC9-4798-94D4-72148A3062EC}.Release|Any CPU.Build.0 = Release|Any CPU
	EndGlobalSection
	GlobalSection(SolutionProperties) = preSolution
		HideSolutionNode = FALSE
	EndGlobalSection
	GlobalSection(ExtensibilityGlobals) = postSolution
		SolutionGuid = {FB130134-8C11-4CF2-8C3E-73B329A9B0AC}
	EndGlobalSection
EndGlobal
